// !$*UTF8*$!
{
	archiveVersion = 1;
	classes = {
	};
	objectVersion = 50;
	objects = {

/* Begin PBXBuildFile section */
		5029CC5A51EA4D1CABDBA125 /* Pods_BitcoinCurse.framework in Frameworks */ = {isa = PBXBuildFile; fileRef = 922299550BF8718B941A83F2 /* Pods_BitcoinCurse.framework */; };
		CD33EB3026559F0A00496A32 /* AppDelegate.swift in Sources */ = {isa = PBXBuildFile; fileRef = CD33EB2F26559F0A00496A32 /* AppDelegate.swift */; };
		CD33EB3226559F0A00496A32 /* SceneDelegate.swift in Sources */ = {isa = PBXBuildFile; fileRef = CD33EB3126559F0A00496A32 /* SceneDelegate.swift */; };
		CD33EB3426559F0A00496A32 /* ViewController.swift in Sources */ = {isa = PBXBuildFile; fileRef = CD33EB3326559F0A00496A32 /* ViewController.swift */; };
		CD33EB3726559F0A00496A32 /* Main.storyboard in Resources */ = {isa = PBXBuildFile; fileRef = CD33EB3526559F0A00496A32 /* Main.storyboard */; };
		CD33EB3926559F0B00496A32 /* Assets.xcassets in Resources */ = {isa = PBXBuildFile; fileRef = CD33EB3826559F0B00496A32 /* Assets.xcassets */; };
		CD33EB3C26559F0B00496A32 /* LaunchScreen.storyboard in Resources */ = {isa = PBXBuildFile; fileRef = CD33EB3A26559F0B00496A32 /* LaunchScreen.storyboard */; };
/* End PBXBuildFile section */

/* Begin PBXFileReference section */
		922299550BF8718B941A83F2 /* Pods_BitcoinCurse.framework */ = {isa = PBXFileReference; explicitFileType = wrapper.framework; includeInIndex = 0; path = Pods_BitcoinCurse.framework; sourceTree = BUILT_PRODUCTS_DIR; };
		A8B2A247F343EDA60D10A7BD /* Pods-BitcoinCurse.debug.xcconfig */ = {isa = PBXFileReference; includeInIndex = 1; lastKnownFileType = text.xcconfig; name = "Pods-BitcoinCurse.debug.xcconfig"; path = "Target Support Files/Pods-BitcoinCurse/Pods-BitcoinCurse.debug.xcconfig"; sourceTree = "<group>"; };
		CD33EB2C26559F0A00496A32 /* BitcoinCurse.app */ = {isa = PBXFileReference; explicitFileType = wrapper.application; includeInIndex = 0; path = BitcoinCurse.app; sourceTree = BUILT_PRODUCTS_DIR; };
		CD33EB2F26559F0A00496A32 /* AppDelegate.swift */ = {isa = PBXFileReference; lastKnownFileType = sourcecode.swift; path = AppDelegate.swift; sourceTree = "<group>"; };
		CD33EB3126559F0A00496A32 /* SceneDelegate.swift */ = {isa = PBXFileReference; lastKnownFileType = sourcecode.swift; path = SceneDelegate.swift; sourceTree = "<group>"; };
		CD33EB3326559F0A00496A32 /* ViewController.swift */ = {isa = PBXFileReference; lastKnownFileType = sourcecode.swift; path = ViewController.swift; sourceTree = "<group>"; };
		CD33EB3626559F0A00496A32 /* Base */ = {isa = PBXFileReference; lastKnownFileType = file.storyboard; name = Base; path = Base.lproj/Main.storyboard; sourceTree = "<group>"; };
		CD33EB3826559F0B00496A32 /* Assets.xcassets */ = {isa = PBXFileReference; lastKnownFileType = folder.assetcatalog; path = Assets.xcassets; sourceTree = "<group>"; };
		CD33EB3B26559F0B00496A32 /* Base */ = {isa = PBXFileReference; lastKnownFileType = file.storyboard; name = Base; path = Base.lproj/LaunchScreen.storyboard; sourceTree = "<group>"; };
		CD33EB3D26559F0B00496A32 /* Info.plist */ = {isa = PBXFileReference; lastKnownFileType = text.plist.xml; path = Info.plist; sourceTree = "<group>"; };
		FBC55AADC226EFB13FB6C086 /* Pods-BitcoinCurse.release.xcconfig */ = {isa = PBXFileReference; includeInIndex = 1; lastKnownFileType = text.xcconfig; name = "Pods-BitcoinCurse.release.xcconfig"; path = "Target Support Files/Pods-BitcoinCurse/Pods-BitcoinCurse.release.xcconfig"; sourceTree = "<group>"; };
/* End PBXFileReference section */

/* Begin PBXFrameworksBuildPhase section */
		CD33EB2926559F0A00496A32 /* Frameworks */ = {
			isa = PBXFrameworksBuildPhase;
			buildActionMask = 2147483647;
			files = (
				5029CC5A51EA4D1CABDBA125 /* Pods_BitcoinCurse.framework in Frameworks */,
			);
			runOnlyForDeploymentPostprocessing = 0;
		};
/* End PBXFrameworksBuildPhase section */

/* Begin PBXGroup section */
		717FB4FBAD925BF2B55747C0 /* Frameworks */ = {
			isa = PBXGroup;
			children = (
				922299550BF8718B941A83F2 /* Pods_BitcoinCurse.framework */,
			);
			name = Frameworks;
			sourceTree = "<group>";
		};
		CC6E43BBF417FF668609ADFD /* Pods */ = {
			isa = PBXGroup;
			children = (
				A8B2A247F343EDA60D10A7BD /* Pods-BitcoinCurse.debug.xcconfig */,
				FBC55AADC226EFB13FB6C086 /* Pods-BitcoinCurse.release.xcconfig */,
			);
			name = Pods;
			path = Pods;
			sourceTree = "<group>";
		};
		CD33EB2326559F0A00496A32 = {
			isa = PBXGroup;
			children = (
				CD33EB2E26559F0A00496A32 /* BitcoinCurse */,
				CD33EB2D26559F0A00496A32 /* Products */,
				CC6E43BBF417FF668609ADFD /* Pods */,
				717FB4FBAD925BF2B55747C0 /* Frameworks */,
			);
			sourceTree = "<group>";
		};
		CD33EB2D26559F0A00496A32 /* Products */ = {
			isa = PBXGroup;
			children = (
				CD33EB2C26559F0A00496A32 /* BitcoinCurse.app */,
			);
			name = Products;
			sourceTree = "<group>";
		};
		CD33EB2E26559F0A00496A32 /* BitcoinCurse */ = {
			isa = PBXGroup;
			children = (
				CD33EB2F26559F0A00496A32 /* AppDelegate.swift */,
				CD33EB3126559F0A00496A32 /* SceneDelegate.swift */,
				CD33EB3326559F0A00496A32 /* ViewController.swift */,
				CD33EB3526559F0A00496A32 /* Main.storyboard */,
				CD33EB3826559F0B00496A32 /* Assets.xcassets */,
				CD33EB3A26559F0B00496A32 /* LaunchScreen.storyboard */,
				CD33EB3D26559F0B00496A32 /* Info.plist */,
			);
			path = BitcoinCurse;
			sourceTree = "<group>";
		};
/* End PBXGroup section */

/* Begin PBXNativeTarget section */
		CD33EB2B26559F0A00496A32 /* BitcoinCurse */ = {
			isa = PBXNativeTarget;
			buildConfigurationList = CD33EB4026559F0B00496A32 /* Build configuration list for PBXNativeTarget "BitcoinCurse" */;
			buildPhases = (
				D8BFA104C431700E279E4B47 /* [CP] Check Pods Manifest.lock */,
				CD33EB2826559F0A00496A32 /* Sources */,
				CD33EB2926559F0A00496A32 /* Frameworks */,
				CD33EB2A26559F0A00496A32 /* Resources */,
				06B99FBBC4B4C01EB1D6A3EE /* [CP] Embed Pods Frameworks */,
			);
			buildRules = (
			);
			dependencies = (
			);
			name = BitcoinCurse;
			productName = BitcoinCurse;
			productReference = CD33EB2C26559F0A00496A32 /* BitcoinCurse.app */;
			productType = "com.apple.product-type.application";
		};
/* End PBXNativeTarget section */

/* Begin PBXProject section */
		CD33EB2426559F0A00496A32 /* Project object */ = {
			isa = PBXProject;
			attributes = {
				LastSwiftUpdateCheck = 1240;
				LastUpgradeCheck = 1240;
				TargetAttributes = {
					CD33EB2B26559F0A00496A32 = {
						CreatedOnToolsVersion = 12.4;
					};
				};
			};
			buildConfigurationList = CD33EB2726559F0A00496A32 /* Build configuration list for PBXProject "BitcoinCurse" */;
			compatibilityVersion = "Xcode 9.3";
			developmentRegion = en;
			hasScannedForEncodings = 0;
			knownRegions = (
				en,
				Base,
			);
			mainGroup = CD33EB2326559F0A00496A32;
			productRefGroup = CD33EB2D26559F0A00496A32 /* Products */;
			projectDirPath = "";
			projectRoot = "";
			targets = (
				CD33EB2B26559F0A00496A32 /* BitcoinCurse */,
			);
		};
/* End PBXProject section */

/* Begin PBXResourcesBuildPhase section */
		CD33EB2A26559F0A00496A32 /* Resources */ = {
			isa = PBXResourcesBuildPhase;
			buildActionMask = 2147483647;
			files = (
				CD33EB3C26559F0B00496A32 /* LaunchScreen.storyboard in Resources */,
				CD33EB3926559F0B00496A32 /* Assets.xcassets in Resources */,
				CD33EB3726559F0A00496A32 /* Main.storyboard in Resources */,
			);
			runOnlyForDeploymentPostprocessing = 0;
		};
/* End PBXResourcesBuildPhase section */

/* Begin PBXShellScriptBuildPhase section */
		06B99FBBC4B4C01EB1D6A3EE /* [CP] Embed Pods Frameworks */ = {
			isa = PBXShellScriptBuildPhase;
			buildActionMask = 2147483647;
			files = (
			);
			inputFileListPaths = (
				"${PODS_ROOT}/Target Support Files/Pods-BitcoinCurse/Pods-BitcoinCurse-frameworks-${CONFIGURATION}-input-files.xcfilelist",
			);
			name = "[CP] Embed Pods Frameworks";
			outputFileListPaths = (
				"${PODS_ROOT}/Target Support Files/Pods-BitcoinCurse/Pods-BitcoinCurse-frameworks-${CONFIGURATION}-output-files.xcfilelist",
			);
			runOnlyForDeploymentPostprocessing = 0;
			shellPath = /bin/sh;
			shellScript = "\"${PODS_ROOT}/Target Support Files/Pods-BitcoinCurse/Pods-BitcoinCurse-frameworks.sh\"\n";
			showEnvVarsInLog = 0;
		};
		D8BFA104C431700E279E4B47 /* [CP] Check Pods Manifest.lock */ = {
			isa = PBXShellScriptBuildPhase;
			buildActionMask = 2147483647;
			files = (
			);
			inputFileListPaths = (
			);
			inputPaths = (
				"${PODS_PODFILE_DIR_PATH}/Podfile.lock",
				"${PODS_ROOT}/Manifest.lock",
			);
			name = "[CP] Check Pods Manifest.lock";
			outputFileListPaths = (
			);
			outputPaths = (
				"$(DERIVED_FILE_DIR)/Pods-BitcoinCurse-checkManifestLockResult.txt",
			);
			runOnlyForDeploymentPostprocessing = 0;
			shellPath = /bin/sh;
			shellScript = "diff \"${PODS_PODFILE_DIR_PATH}/Podfile.lock\" \"${PODS_ROOT}/Manifest.lock\" > /dev/null\nif [ $? != 0 ] ; then\n    # print error to STDERR\n    echo \"error: The sandbox is not in sync with the Podfile.lock. Run 'pod install' or update your CocoaPods installation.\" >&2\n    exit 1\nfi\n# This output is used by Xcode 'outputs' to avoid re-running this script phase.\necho \"SUCCESS\" > \"${SCRIPT_OUTPUT_FILE_0}\"\n";
			showEnvVarsInLog = 0;
		};
/* End PBXShellScriptBuildPhase section */

/* Begin PBXSourcesBuildPhase section */
		CD33EB2826559F0A00496A32 /* Sources */ = {
			isa = PBXSourcesBuildPhase;
			buildActionMask = 2147483647;
			files = (
				CD33EB3426559F0A00496A32 /* ViewController.swift in Sources */,
				CD33EB3026559F0A00496A32 /* AppDelegate.swift in Sources */,
				CD33EB3226559F0A00496A32 /* SceneDelegate.swift in Sources */,
			);
			runOnlyForDeploymentPostprocessing = 0;
		};
/* End PBXSourcesBuildPhase section */

/* Begin PBXVariantGroup section */
		CD33EB3526559F0A00496A32 /* Main.storyboard */ = {
			isa = PBXVariantGroup;
			children = (
				CD33EB3626559F0A00496A32 /* Base */,
			);
			name = Main.storyboard;
			sourceTree = "<group>";
		};
		CD33EB3A26559F0B00496A32 /* LaunchScreen.storyboard */ = {
			isa = PBXVariantGroup;
			children = (
				CD33EB3B26559F0B00496A32 /* Base */,
			);
			name = LaunchScreen.storyboard;
			sourceTree = "<group>";
		};
/* End PBXVariantGroup section */

/* Begin XCBuildConfiguration section */
		CD33EB3E26559F0B00496A32 /* Debug */ = {
			isa = XCBuildConfiguration;
			buildSettings = {
				ALWAYS_SEARCH_USER_PATHS = NO;
				CLANG_ANALYZER_NONNULL = YES;
				CLANG_ANALYZER_NUMBER_OBJECT_CONVERSION = YES_AGGRESSIVE;
				CLANG_CXX_LANGUAGE_STANDARD = "gnu++14";
				CLANG_CXX_LIBRARY = "libc++";
				CLANG_ENABLE_MODULES = YES;
				CLANG_ENABLE_OBJC_ARC = YES;
				CLANG_ENABLE_OBJC_WEAK = YES;
				CLANG_WARN_BLOCK_CAPTURE_AUTORELEASING = YES;
				CLANG_WARN_BOOL_CONVERSION = YES;
				CLANG_WARN_COMMA = YES;
				CLANG_WARN_CONSTANT_CONVERSION = YES;
				CLANG_WARN_DEPRECATED_OBJC_IMPLEMENTATIONS = YES;
				CLANG_WARN_DIRECT_OBJC_ISA_USAGE = YES_ERROR;
				CLANG_WARN_DOCUMENTATION_COMMENTS = YES;
				CLANG_WARN_EMPTY_BODY = YES;
				CLANG_WARN_ENUM_CONVERSION = YES;
				CLANG_WARN_INFINITE_RECURSION = YES;
				CLANG_WARN_INT_CONVERSION = YES;
				CLANG_WARN_NON_LITERAL_NULL_CONVERSION = YES;
				CLANG_WARN_OBJC_IMPLICIT_RETAIN_SELF = YES;
				CLANG_WARN_OBJC_LITERAL_CONVERSION = YES;
				CLANG_WARN_OBJC_ROOT_CLASS = YES_ERROR;
				CLANG_WARN_QUOTED_INCLUDE_IN_FRAMEWORK_HEADER = YES;
				CLANG_WARN_RANGE_LOOP_ANALYSIS = YES;
				CLANG_WARN_STRICT_PROTOTYPES = YES;
				CLANG_WARN_SUSPICIOUS_MOVE = YES;
				CLANG_WARN_UNGUARDED_AVAILABILITY = YES_AGGRESSIVE;
				CLANG_WARN_UNREACHABLE_CODE = YES;
				CLANG_WARN__DUPLICATE_METHOD_MATCH = YES;
				COPY_PHASE_STRIP = NO;
				DEBUG_INFORMATION_FORMAT = dwarf;
				ENABLE_STRICT_OBJC_MSGSEND = YES;
				ENABLE_TESTABILITY = YES;
				GCC_C_LANGUAGE_STANDARD = gnu11;
				GCC_DYNAMIC_NO_PIC = NO;
				GCC_NO_COMMON_BLOCKS = YES;
				GCC_OPTIMIZATION_LEVEL = 0;
				GCC_PREPROCESSOR_DEFINITIONS = (
					"DEBUG=1",
					"$(inherited)",
				);
				GCC_WARN_64_TO_32_BIT_CONVERSION = YES;
				GCC_WARN_ABOUT_RETURN_TYPE = YES_ERROR;
				GCC_WARN_UNDECLARED_SELECTOR = YES;
				GCC_WARN_UNINITIALIZED_AUTOS = YES_AGGRESSIVE;
				GCC_WARN_UNUSED_FUNCTION = YES;
				GCC_WARN_UNUSED_VARIABLE = YES;
				IPHONEOS_DEPLOYMENT_TARGET = 14.4;
				MTL_ENABLE_DEBUG_INFO = INCLUDE_SOURCE;
				MTL_FAST_MATH = YES;
				ONLY_ACTIVE_ARCH = YES;
				SDKROOT = iphoneos;
				SWIFT_ACTIVE_COMPILATION_CONDITIONS = DEBUG;
				SWIFT_OPTIMIZATION_LEVEL = "-Onone";
			};
			name = Debug;
		};
		CD33EB3F26559F0B00496A32 /* Release */ = {
			isa = XCBuildConfiguration;
			buildSettings = {
				ALWAYS_SEARCH_USER_PATHS = NO;
				CLANG_ANALYZER_NONNULL = YES;
				CLANG_ANALYZER_NUMBER_OBJECT_CONVERSION = YES_AGGRESSIVE;
				CLANG_CXX_LANGUAGE_STANDARD = "gnu++14";
				CLANG_CXX_LIBRARY = "libc++";
				CLANG_ENABLE_MODULES = YES;
				CLANG_ENABLE_OBJC_ARC = YES;
				CLANG_ENABLE_OBJC_WEAK = YES;
				CLANG_WARN_BLOCK_CAPTURE_AUTORELEASING = YES;
				CLANG_WARN_BOOL_CONVERSION = YES;
				CLANG_WARN_COMMA = YES;
				CLANG_WARN_CONSTANT_CONVERSION = YES;
				CLANG_WARN_DEPRECATED_OBJC_IMPLEMENTATIONS = YES;
				CLANG_WARN_DIRECT_OBJC_ISA_USAGE = YES_ERROR;
				CLANG_WARN_DOCUMENTATION_COMMENTS = YES;
				CLANG_WARN_EMPTY_BODY = YES;
				CLANG_WARN_ENUM_CONVERSION = YES;
				CLANG_WARN_INFINITE_RECURSION = YES;
				CLANG_WARN_INT_CONVERSION = YES;
				CLANG_WARN_NON_LITERAL_NULL_CONVERSION = YES;
				CLANG_WARN_OBJC_IMPLICIT_RETAIN_SELF = YES;
				CLANG_WARN_OBJC_LITERAL_CONVERSION = YES;
				CLANG_WARN_OBJC_ROOT_CLASS = YES_ERROR;
				CLANG_WARN_QUOTED_INCLUDE_IN_FRAMEWORK_HEADER = YES;
				CLANG_WARN_RANGE_LOOP_ANALYSIS = YES;
				CLANG_WARN_STRICT_PROTOTYPES = YES;
				CLANG_WARN_SUSPICIOUS_MOVE = YES;
				CLANG_WARN_UNGUARDED_AVAILABILITY = YES_AGGRESSIVE;
				CLANG_WARN_UNREACHABLE_CODE = YES;
				CLANG_WARN__DUPLICATE_METHOD_MATCH = YES;
				COPY_PHASE_STRIP = NO;
				DEBUG_INFORMATION_FORMAT = "dwarf-with-dsym";
				ENABLE_NS_ASSERTIONS = NO;
				ENABLE_STRICT_OBJC_MSGSEND = YES;
				GCC_C_LANGUAGE_STANDARD = gnu11;
				GCC_NO_COMMON_BLOCKS = YES;
				GCC_WARN_64_TO_32_BIT_CONVERSION = YES;
				GCC_WARN_ABOUT_RETURN_TYPE = YES_ERROR;
				GCC_WARN_UNDECLARED_SELECTOR = YES;
				GCC_WARN_UNINITIALIZED_AUTOS = YES_AGGRESSIVE;
				GCC_WARN_UNUSED_FUNCTION = YES;
				GCC_WARN_UNUSED_VARIABLE = YES;
				IPHONEOS_DEPLOYMENT_TARGET = 14.4;
				MTL_ENABLE_DEBUG_INFO = NO;
				MTL_FAST_MATH = YES;
				SDKROOT = iphoneos;
				SWIFT_COMPILATION_MODE = wholemodule;
				SWIFT_OPTIMIZATION_LEVEL = "-O";
				VALIDATE_PRODUCT = YES;
			};
			name = Release;
		};
		CD33EB4126559F0B00496A32 /* Debug */ = {
			isa = XCBuildConfiguration;
			baseConfigurationReference = A8B2A247F343EDA60D10A7BD /* Pods-BitcoinCurse.debug.xcconfig */;
			buildSettings = {
				ASSETCATALOG_COMPILER_APPICON_NAME = AppIcon;
				ASSETCATALOG_COMPILER_GLOBAL_ACCENT_COLOR_NAME = AccentColor;
				CODE_SIGN_STYLE = Automatic;
				INFOPLIST_FILE = BitcoinCurse/Info.plist;
				LD_RUNPATH_SEARCH_PATHS = (
					"$(inherited)",
					"@executable_path/Frameworks",
				);
				PRODUCT_BUNDLE_IDENTIFIER = "Andre-Yamasaki.BitcoinCurse";
				PRODUCT_NAME = "$(TARGET_NAME)";
				SWIFT_VERSION = 5.0;
				TARGETED_DEVICE_FAMILY = "1,2";
			};
			name = Debug;
		};
		CD33EB4226559F0B00496A32 /* Release */ = {
			isa = XCBuildConfiguration;
			baseConfigurationReference = FBC55AADC226EFB13FB6C086 /* Pods-BitcoinCurse.release.xcconfig */;
			buildSettings = {
				ASSETCATALOG_COMPILER_APPICON_NAME = AppIcon;
				ASSETCATALOG_COMPILER_GLOBAL_ACCENT_COLOR_NAME = AccentColor;
				CODE_SIGN_STYLE = Automatic;
				INFOPLIST_FILE = BitcoinCurse/Info.plist;
				LD_RUNPATH_SEARCH_PATHS = (
					"$(inherited)",
					"@executable_path/Frameworks",
				);
				PRODUCT_BUNDLE_IDENTIFIER = "Andre-Yamasaki.BitcoinCurse";
				PRODUCT_NAME = "$(TARGET_NAME)";
				SWIFT_VERSION = 5.0;
				TARGETED_DEVICE_FAMILY = "1,2";
			};
			name = Release;
		};
/* End XCBuildConfiguration section */

/* Begin XCConfigurationList section */
		CD33EB2726559F0A00496A32 /* Build configuration list for PBXProject "BitcoinCurse" */ = {
			isa = XCConfigurationList;
			buildConfigurations = (
				CD33EB3E26559F0B00496A32 /* Debug */,
				CD33EB3F26559F0B00496A32 /* Release */,
			);
			defaultConfigurationIsVisible = 0;
			defaultConfigurationName = Release;
		};
		CD33EB4026559F0B00496A32 /* Build configuration list for PBXNativeTarget "BitcoinCurse" */ = {
			isa = XCConfigurationList;
			buildConfigurations = (
				CD33EB4126559F0B00496A32 /* Debug */,
				CD33EB4226559F0B00496A32 /* Release */,
			);
			defaultConfigurationIsVisible = 0;
			defaultConfigurationName = Release;
		};
/* End XCConfigurationList section */
	};
	rootObject = CD33EB2426559F0A00496A32 /* Project object */;
}
